
Microsoft Visual Studio Solution File, Format Version 12.00
# Visual Studio Version 16
VisualStudioVersion = 16.0.31424.327
MinimumVisualStudioVersion = 10.0.40219.1
Project("{FAE04EC0-301F-11D3-BF4B-00C04F79EFBC}") = "DemoJaggedArray", "DemoJaggedArray\DemoJaggedArray.csproj", "{70D1FDEF-897C-4F41-B995-13E2C4E0FBDC}"
EndProject
Global
	GlobalSection(SolutionConfigurationPlatforms) = preSolution
		Debug|Any CPU = Debug|Any CPU
		Release|Any CPU = Release|Any CPU
	EndGlobalSection
	GlobalSection(ProjectConfigurationPlatforms) = postSolution
		{70D1FDEF-897C-4F41-B995-13E2C4E0FBDC}.Debug|Any CPU.ActiveCfg = Debug|Any CPU
		{70D1FDEF-897C-4F41-B995-13E2C4E0FBDC}.Debug|Any CPU.Build.0 = Debug|Any CPU
		{70D1FDEF-897C-4F41-B995-13E2C4E0FBDC}.Release|Any CPU.ActiveCfg = Release|Any CPU
		{70D1FDEF-897C-4F41-B995-13E2C4E0FBDC}.Release|Any CPU.Build.0 = Release|Any CPU
	EndGlobalSection
	GlobalSection(SolutionProperties) = preSolution
		HideSolutionNode = FALSE
	EndGlobalSection
	GlobalSection(ExtensibilityGlobals) = postSolution
		SolutionGuid = {E91D8873-D5D6-44A9-8075-50A69B598ED6}
	EndGlobalSection
EndGlobal
