
Microsoft Visual Studio Solution File, Format Version 12.00
# Visual Studio Version 16
VisualStudioVersion = 16.0.31702.278
MinimumVisualStudioVersion = 10.0.40219.1
Project("{FAE04EC0-301F-11D3-BF4B-00C04F79EFBC}") = "AppDataStudent", "AppDataStudent\AppDataStudent.csproj", "{766C3F5E-7E28-4599-BA41-A04C34BF888C}"
EndProject
Global
	GlobalSection(SolutionConfigurationPlatforms) = preSolution
		Debug|Any CPU = Debug|Any CPU
		Release|Any CPU = Release|Any CPU
	EndGlobalSection
	GlobalSection(ProjectConfigurationPlatforms) = postSolution
		{766C3F5E-7E28-4599-BA41-A04C34BF888C}.Debug|Any CPU.ActiveCfg = Debug|Any CPU
		{766C3F5E-7E28-4599-BA41-A04C34BF888C}.Debug|Any CPU.Build.0 = Debug|Any CPU
		{766C3F5E-7E28-4599-BA41-A04C34BF888C}.Release|Any CPU.ActiveCfg = Release|Any CPU
		{766C3F5E-7E28-4599-BA41-A04C34BF888C}.Release|Any CPU.Build.0 = Release|Any CPU
	EndGlobalSection
	GlobalSection(SolutionProperties) = preSolution
		HideSolutionNode = FALSE
	EndGlobalSection
	GlobalSection(ExtensibilityGlobals) = postSolution
		SolutionGuid = {5C360CB0-8365-4E27-833B-CE83B4D63DB3}
	EndGlobalSection
EndGlobal
