
Microsoft Visual Studio Solution File, Format Version 12.00
# Visual Studio Version 16
VisualStudioVersion = 16.0.31702.278
MinimumVisualStudioVersion = 10.0.40219.1
Project("{FAE04EC0-301F-11D3-BF4B-00C04F79EFBC}") = "Multiform", "Multiform\Multiform.csproj", "{BD065115-A0A5-474D-BB19-B3F6D1D6561D}"
EndProject
Global
	GlobalSection(SolutionConfigurationPlatforms) = preSolution
		Debug|Any CPU = Debug|Any CPU
		Release|Any CPU = Release|Any CPU
	EndGlobalSection
	GlobalSection(ProjectConfigurationPlatforms) = postSolution
		{BD065115-A0A5-474D-BB19-B3F6D1D6561D}.Debug|Any CPU.ActiveCfg = Debug|Any CPU
		{BD065115-A0A5-474D-BB19-B3F6D1D6561D}.Debug|Any CPU.Build.0 = Debug|Any CPU
		{BD065115-A0A5-474D-BB19-B3F6D1D6561D}.Release|Any CPU.ActiveCfg = Release|Any CPU
		{BD065115-A0A5-474D-BB19-B3F6D1D6561D}.Release|Any CPU.Build.0 = Release|Any CPU
	EndGlobalSection
	GlobalSection(SolutionProperties) = preSolution
		HideSolutionNode = FALSE
	EndGlobalSection
	GlobalSection(ExtensibilityGlobals) = postSolution
		SolutionGuid = {D054D814-D863-42F4-8945-037C664D91AF}
	EndGlobalSection
EndGlobal
