
Microsoft Visual Studio Solution File, Format Version 12.00
# Visual Studio Version 16
VisualStudioVersion = 16.0.31424.327
MinimumVisualStudioVersion = 10.0.40219.1
Project("{FAE04EC0-301F-11D3-BF4B-00C04F79EFBC}") = "DemoDoWhileLoop", "DemoDoWhileLoop\DemoDoWhileLoop.csproj", "{B3755090-1619-4BBA-B9F2-0035EFEB175A}"
EndProject
Global
	GlobalSection(SolutionConfigurationPlatforms) = preSolution
		Debug|Any CPU = Debug|Any CPU
		Release|Any CPU = Release|Any CPU
	EndGlobalSection
	GlobalSection(ProjectConfigurationPlatforms) = postSolution
		{B3755090-1619-4BBA-B9F2-0035EFEB175A}.Debug|Any CPU.ActiveCfg = Debug|Any CPU
		{B3755090-1619-4BBA-B9F2-0035EFEB175A}.Debug|Any CPU.Build.0 = Debug|Any CPU
		{B3755090-1619-4BBA-B9F2-0035EFEB175A}.Release|Any CPU.ActiveCfg = Release|Any CPU
		{B3755090-1619-4BBA-B9F2-0035EFEB175A}.Release|Any CPU.Build.0 = Release|Any CPU
	EndGlobalSection
	GlobalSection(SolutionProperties) = preSolution
		HideSolutionNode = FALSE
	EndGlobalSection
	GlobalSection(ExtensibilityGlobals) = postSolution
		SolutionGuid = {086A8D31-C14B-4403-A463-F3C27DFED550}
	EndGlobalSection
EndGlobal
