
Microsoft Visual Studio Solution File, Format Version 12.00
# Visual Studio Version 16
VisualStudioVersion = 16.0.31424.327
MinimumVisualStudioVersion = 10.0.40219.1
Project("{FAE04EC0-301F-11D3-BF4B-00C04F79EFBC}") = "LabCh6.0_ArrayList", "LabCh6.0_ArrayList\LabCh6.0_ArrayList.csproj", "{061F837C-38F2-428A-BC12-F28E272087D3}"
EndProject
Global
	GlobalSection(SolutionConfigurationPlatforms) = preSolution
		Debug|Any CPU = Debug|Any CPU
		Release|Any CPU = Release|Any CPU
	EndGlobalSection
	GlobalSection(ProjectConfigurationPlatforms) = postSolution
		{061F837C-38F2-428A-BC12-F28E272087D3}.Debug|Any CPU.ActiveCfg = Debug|Any CPU
		{061F837C-38F2-428A-BC12-F28E272087D3}.Debug|Any CPU.Build.0 = Debug|Any CPU
		{061F837C-38F2-428A-BC12-F28E272087D3}.Release|Any CPU.ActiveCfg = Release|Any CPU
		{061F837C-38F2-428A-BC12-F28E272087D3}.Release|Any CPU.Build.0 = Release|Any CPU
	EndGlobalSection
	GlobalSection(SolutionProperties) = preSolution
		HideSolutionNode = FALSE
	EndGlobalSection
	GlobalSection(ExtensibilityGlobals) = postSolution
		SolutionGuid = {79338EF1-FE9B-4055-87E7-2C7C61E851D0}
	EndGlobalSection
EndGlobal
